// !$*UTF8*$!
{
	archiveVersion = 1;
	classes = {
	};
	objectVersion = 46;
	objects = {

/* Begin PBXBuildFile section */
		28B28EC81D77AC92EC57670B /* Pods_WildBasinPlantDichotomyUITests.framework in Frameworks */ = {isa = PBXBuildFile; fileRef = 5228DB604B2ECFBBD66C0DBE /* Pods_WildBasinPlantDichotomyUITests.framework */; };
		331A186B1ECE1B3F001F485A /* AppDelegate.swift in Sources */ = {isa = PBXBuildFile; fileRef = 331A186A1ECE1B3F001F485A /* AppDelegate.swift */; };
		331A186D1ECE1B3F001F485A /* ViewController.swift in Sources */ = {isa = PBXBuildFile; fileRef = 331A186C1ECE1B3F001F485A /* ViewController.swift */; };
		331A18701ECE1B3F001F485A /* Main.storyboard in Resources */ = {isa = PBXBuildFile; fileRef = 331A186E1ECE1B3F001F485A /* Main.storyboard */; };
		331A18731ECE1B3F001F485A /* WildBasinPlantDichotomy.xcdatamodeld in Sources */ = {isa = PBXBuildFile; fileRef = 331A18711ECE1B3F001F485A /* WildBasinPlantDichotomy.xcdatamodeld */; };
		331A18751ECE1B3F001F485A /* Assets.xcassets in Resources */ = {isa = PBXBuildFile; fileRef = 331A18741ECE1B3F001F485A /* Assets.xcassets */; };
		331A18781ECE1B3F001F485A /* LaunchScreen.storyboard in Resources */ = {isa = PBXBuildFile; fileRef = 331A18761ECE1B3F001F485A /* LaunchScreen.storyboard */; };
		331A18831ECE1B3F001F485A /* WildBasinPlantDichotomyTests.swift in Sources */ = {isa = PBXBuildFile; fileRef = 331A18821ECE1B3F001F485A /* WildBasinPlantDichotomyTests.swift */; };
		331A188E1ECE1B3F001F485A /* WildBasinPlantDichotomyUITests.swift in Sources */ = {isa = PBXBuildFile; fileRef = 331A188D1ECE1B3F001F485A /* WildBasinPlantDichotomyUITests.swift */; };
		336B2EA31ED6138F003D81C5 /* PlantIDViewController.swift in Sources */ = {isa = PBXBuildFile; fileRef = 336B2EA21ED6138F003D81C5 /* PlantIDViewController.swift */; };
		33E11AA91EF44D47002EBD72 /* Plant.swift in Sources */ = {isa = PBXBuildFile; fileRef = 33E11AA81EF44D47002EBD72 /* Plant.swift */; };
		33E11AAB1EF44D4E002EBD72 /* PlantCell.swift in Sources */ = {isa = PBXBuildFile; fileRef = 33E11AAA1EF44D4E002EBD72 /* PlantCell.swift */; };
		33E11AAD1EF44D5D002EBD72 /* DetailViewController.swift in Sources */ = {isa = PBXBuildFile; fileRef = 33E11AAC1EF44D5D002EBD72 /* DetailViewController.swift */; };
		33E11AB01EF44D64002EBD72 /* AllPlantsViewController.swift in Sources */ = {isa = PBXBuildFile; fileRef = 33E11AAE1EF44D64002EBD72 /* AllPlantsViewController.swift */; };
		33E11AB11EF44D64002EBD72 /* AllPlantsWebViewController.swift in Sources */ = {isa = PBXBuildFile; fileRef = 33E11AAF1EF44D64002EBD72 /* AllPlantsWebViewController.swift */; };
		33E11AB81EF45F48002EBD72 /* SimpleAOViewController.swift in Sources */ = {isa = PBXBuildFile; fileRef = 33E11AB71EF45F48002EBD72 /* SimpleAOViewController.swift */; };
		33E11ABA1EF45F60002EBD72 /* AlternateVNVViewController.swift in Sources */ = {isa = PBXBuildFile; fileRef = 33E11AB91EF45F60002EBD72 /* AlternateVNVViewController.swift */; };
		33E11ABC1EF45F7E002EBD72 /* NotAVineSSCTLViewController.swift in Sources */ = {isa = PBXBuildFile; fileRef = 33E11ABB1EF45F7E002EBD72 /* NotAVineSSCTLViewController.swift */; };
		33E11ABE1EF45F91002EBD72 /* ToothedSM2L2ViewController.swift in Sources */ = {isa = PBXBuildFile; fileRef = 33E11ABD1EF45F91002EBD72 /* ToothedSM2L2ViewController.swift */; };
		33E11AC21EF4625A002EBD72 /* NotAVineSMTViewController.swift in Sources */ = {isa = PBXBuildFile; fileRef = 33E11AC11EF4625A002EBD72 /* NotAVineSMTViewController.swift */; };
		33E11AC41EF462FC002EBD72 /* OppositeVNVViewController.swift in Sources */ = {isa = PBXBuildFile; fileRef = 33E11AC31EF462FC002EBD72 /* OppositeVNVViewController.swift */; };
		33F1C3AF1EF49993007F3591 /* VinePlantViewController.swift in Sources */ = {isa = PBXBuildFile; fileRef = 33F1C3AE1EF49993007F3591 /* VinePlantViewController.swift */; };
		33F1C3B11EF49C40007F3591 /* VinePlantDetailViewController.swift in Sources */ = {isa = PBXBuildFile; fileRef = 33F1C3B01EF49C40007F3591 /* VinePlantDetailViewController.swift */; };
		33F1C3B31EF49F7E007F3591 /* VinePlantsWebViewController.swift in Sources */ = {isa = PBXBuildFile; fileRef = 33F1C3B21EF49F7E007F3591 /* VinePlantsWebViewController.swift */; };
		500D5C9B1EFDF9FF00BCF939 /* CompoundViewController.swift in Sources */ = {isa = PBXBuildFile; fileRef = 500D5C9A1EFDF9FF00BCF939 /* CompoundViewController.swift */; };
		500D5C9D1EFDFA3400BCF939 /* PinnateViewController.swift in Sources */ = {isa = PBXBuildFile; fileRef = 500D5C9C1EFDFA3400BCF939 /* PinnateViewController.swift */; };
		500D5C9F1EFDFA5400BCF939 /* GreaterThan10ViewController.swift in Sources */ = {isa = PBXBuildFile; fileRef = 500D5C9E1EFDFA5400BCF939 /* GreaterThan10ViewController.swift */; };
		5015A2771EE9DE1B00D7558D /* WebViewController.swift in Sources */ = {isa = PBXBuildFile; fileRef = 5015A2761EE9DE1B00D7558D /* WebViewController.swift */; };
		505C966A1ECE238700FE4A4A /* Node.swift in Sources */ = {isa = PBXBuildFile; fileRef = 505C96691ECE238700FE4A4A /* Node.swift */; };
		5A6964497A2C29F9FCD2D81B /* Pods_WildBasinPlantDichotomy.framework in Frameworks */ = {isa = PBXBuildFile; fileRef = B3D9D859A3CFD9AD993A4E4F /* Pods_WildBasinPlantDichotomy.framework */; };
		8353449A8D16C3BBBD48B95E /* Pods_WildBasinPlantDichotomyTests.framework in Frameworks */ = {isa = PBXBuildFile; fileRef = 1AA9178818D246E49DFBFD5E /* Pods_WildBasinPlantDichotomyTests.framework */; };
/* End PBXBuildFile section */

/* Begin PBXContainerItemProxy section */
		331A187F1ECE1B3F001F485A /* PBXContainerItemProxy */ = {
			isa = PBXContainerItemProxy;
			containerPortal = 331A185F1ECE1B3F001F485A /* Project object */;
			proxyType = 1;
			remoteGlobalIDString = 331A18661ECE1B3F001F485A;
			remoteInfo = WildBasinPlantDichotomy;
		};
		331A188A1ECE1B3F001F485A /* PBXContainerItemProxy */ = {
			isa = PBXContainerItemProxy;
			containerPortal = 331A185F1ECE1B3F001F485A /* Project object */;
			proxyType = 1;
			remoteGlobalIDString = 331A18661ECE1B3F001F485A;
			remoteInfo = WildBasinPlantDichotomy;
		};
/* End PBXContainerItemProxy section */

/* Begin PBXFileReference section */
		1AA9178818D246E49DFBFD5E /* Pods_WildBasinPlantDichotomyTests.framework */ = {isa = PBXFileReference; explicitFileType = wrapper.framework; includeInIndex = 0; path = Pods_WildBasinPlantDichotomyTests.framework; sourceTree = BUILT_PRODUCTS_DIR; };
		331A18671ECE1B3F001F485A /* WildBasinPlantDichotomy.app */ = {isa = PBXFileReference; explicitFileType = wrapper.application; includeInIndex = 0; path = WildBasinPlantDichotomy.app; sourceTree = BUILT_PRODUCTS_DIR; };
		331A186A1ECE1B3F001F485A /* AppDelegate.swift */ = {isa = PBXFileReference; lastKnownFileType = sourcecode.swift; path = AppDelegate.swift; sourceTree = "<group>"; };
		331A186C1ECE1B3F001F485A /* ViewController.swift */ = {isa = PBXFileReference; lastKnownFileType = sourcecode.swift; path = ViewController.swift; sourceTree = "<group>"; };
		331A186F1ECE1B3F001F485A /* Base */ = {isa = PBXFileReference; lastKnownFileType = file.storyboard; name = Base; path = Base.lproj/Main.storyboard; sourceTree = "<group>"; };
		331A18721ECE1B3F001F485A /* WildBasinPlantDichotomy.xcdatamodel */ = {isa = PBXFileReference; lastKnownFileType = wrapper.xcdatamodel; path = WildBasinPlantDichotomy.xcdatamodel; sourceTree = "<group>"; };
		331A18741ECE1B3F001F485A /* Assets.xcassets */ = {isa = PBXFileReference; lastKnownFileType = folder.assetcatalog; path = Assets.xcassets; sourceTree = "<group>"; };
		331A18771ECE1B3F001F485A /* Base */ = {isa = PBXFileReference; lastKnownFileType = file.storyboard; name = Base; path = Base.lproj/LaunchScreen.storyboard; sourceTree = "<group>"; };
		331A18791ECE1B3F001F485A /* Info.plist */ = {isa = PBXFileReference; lastKnownFileType = text.plist.xml; path = Info.plist; sourceTree = "<group>"; };
		331A187E1ECE1B3F001F485A /* WildBasinPlantDichotomyTests.xctest */ = {isa = PBXFileReference; explicitFileType = wrapper.cfbundle; includeInIndex = 0; path = WildBasinPlantDichotomyTests.xctest; sourceTree = BUILT_PRODUCTS_DIR; };
		331A18821ECE1B3F001F485A /* WildBasinPlantDichotomyTests.swift */ = {isa = PBXFileReference; lastKnownFileType = sourcecode.swift; path = WildBasinPlantDichotomyTests.swift; sourceTree = "<group>"; };
		331A18841ECE1B3F001F485A /* Info.plist */ = {isa = PBXFileReference; lastKnownFileType = text.plist.xml; path = Info.plist; sourceTree = "<group>"; };
		331A18891ECE1B3F001F485A /* WildBasinPlantDichotomyUITests.xctest */ = {isa = PBXFileReference; explicitFileType = wrapper.cfbundle; includeInIndex = 0; path = WildBasinPlantDichotomyUITests.xctest; sourceTree = BUILT_PRODUCTS_DIR; };
		331A188D1ECE1B3F001F485A /* WildBasinPlantDichotomyUITests.swift */ = {isa = PBXFileReference; lastKnownFileType = sourcecode.swift; path = WildBasinPlantDichotomyUITests.swift; sourceTree = "<group>"; };
		331A188F1ECE1B3F001F485A /* Info.plist */ = {isa = PBXFileReference; lastKnownFileType = text.plist.xml; path = Info.plist; sourceTree = "<group>"; };
		336B2EA21ED6138F003D81C5 /* PlantIDViewController.swift */ = {isa = PBXFileReference; fileEncoding = 4; lastKnownFileType = sourcecode.swift; path = PlantIDViewController.swift; sourceTree = "<group>"; };
		33E11AA81EF44D47002EBD72 /* Plant.swift */ = {isa = PBXFileReference; fileEncoding = 4; lastKnownFileType = sourcecode.swift; path = Plant.swift; sourceTree = "<group>"; };
		33E11AAA1EF44D4E002EBD72 /* PlantCell.swift */ = {isa = PBXFileReference; fileEncoding = 4; lastKnownFileType = sourcecode.swift; path = PlantCell.swift; sourceTree = "<group>"; };
		33E11AAC1EF44D5D002EBD72 /* DetailViewController.swift */ = {isa = PBXFileReference; fileEncoding = 4; lastKnownFileType = sourcecode.swift; path = DetailViewController.swift; sourceTree = "<group>"; };
		33E11AAE1EF44D64002EBD72 /* AllPlantsViewController.swift */ = {isa = PBXFileReference; fileEncoding = 4; lastKnownFileType = sourcecode.swift; path = AllPlantsViewController.swift; sourceTree = "<group>"; };
		33E11AAF1EF44D64002EBD72 /* AllPlantsWebViewController.swift */ = {isa = PBXFileReference; fileEncoding = 4; lastKnownFileType = sourcecode.swift; path = AllPlantsWebViewController.swift; sourceTree = "<group>"; };
		33E11AB71EF45F48002EBD72 /* SimpleAOViewController.swift */ = {isa = PBXFileReference; fileEncoding = 4; lastKnownFileType = sourcecode.swift; path = SimpleAOViewController.swift; sourceTree = "<group>"; };
		33E11AB91EF45F60002EBD72 /* AlternateVNVViewController.swift */ = {isa = PBXFileReference; fileEncoding = 4; lastKnownFileType = sourcecode.swift; path = AlternateVNVViewController.swift; sourceTree = "<group>"; };
		33E11ABB1EF45F7E002EBD72 /* NotAVineSSCTLViewController.swift */ = {isa = PBXFileReference; fileEncoding = 4; lastKnownFileType = sourcecode.swift; path = NotAVineSSCTLViewController.swift; sourceTree = "<group>"; };
		33E11ABD1EF45F91002EBD72 /* ToothedSM2L2ViewController.swift */ = {isa = PBXFileReference; fileEncoding = 4; lastKnownFileType = sourcecode.swift; path = ToothedSM2L2ViewController.swift; sourceTree = "<group>"; };
		33E11AC11EF4625A002EBD72 /* NotAVineSMTViewController.swift */ = {isa = PBXFileReference; fileEncoding = 4; lastKnownFileType = sourcecode.swift; path = NotAVineSMTViewController.swift; sourceTree = "<group>"; };
		33E11AC31EF462FC002EBD72 /* OppositeVNVViewController.swift */ = {isa = PBXFileReference; fileEncoding = 4; lastKnownFileType = sourcecode.swift; path = OppositeVNVViewController.swift; sourceTree = "<group>"; };
		33F1C3AE1EF49993007F3591 /* VinePlantViewController.swift */ = {isa = PBXFileReference; fileEncoding = 4; lastKnownFileType = sourcecode.swift; path = VinePlantViewController.swift; sourceTree = "<group>"; };
		33F1C3B01EF49C40007F3591 /* VinePlantDetailViewController.swift */ = {isa = PBXFileReference; fileEncoding = 4; lastKnownFileType = sourcecode.swift; path = VinePlantDetailViewController.swift; sourceTree = "<group>"; };
		33F1C3B21EF49F7E007F3591 /* VinePlantsWebViewController.swift */ = {isa = PBXFileReference; fileEncoding = 4; lastKnownFileType = sourcecode.swift; path = VinePlantsWebViewController.swift; sourceTree = "<group>"; };
		500D5C9A1EFDF9FF00BCF939 /* CompoundViewController.swift */ = {isa = PBXFileReference; fileEncoding = 4; lastKnownFileType = sourcecode.swift; path = CompoundViewController.swift; sourceTree = "<group>"; };
		500D5C9C1EFDFA3400BCF939 /* PinnateViewController.swift */ = {isa = PBXFileReference; fileEncoding = 4; lastKnownFileType = sourcecode.swift; path = PinnateViewController.swift; sourceTree = "<group>"; };
		500D5C9E1EFDFA5400BCF939 /* GreaterThan10ViewController.swift */ = {isa = PBXFileReference; fileEncoding = 4; lastKnownFileType = sourcecode.swift; path = GreaterThan10ViewController.swift; sourceTree = "<group>"; };
		5015A2761EE9DE1B00D7558D /* WebViewController.swift */ = {isa = PBXFileReference; fileEncoding = 4; lastKnownFileType = sourcecode.swift; name = WebViewController.swift; path = ../WebViewController.swift; sourceTree = "<group>"; };
		505C96691ECE238700FE4A4A /* Node.swift */ = {isa = PBXFileReference; fileEncoding = 4; lastKnownFileType = sourcecode.swift; path = Node.swift; sourceTree = "<group>"; wrapsLines = 0; };
		5228DB604B2ECFBBD66C0DBE /* Pods_WildBasinPlantDichotomyUITests.framework */ = {isa = PBXFileReference; explicitFileType = wrapper.framework; includeInIndex = 0; path = Pods_WildBasinPlantDichotomyUITests.framework; sourceTree = BUILT_PRODUCTS_DIR; };
		5C3C80F77833E77D0D2ECD4B /* Pods-WildBasinPlantDichotomy.release.xcconfig */ = {isa = PBXFileReference; includeInIndex = 1; lastKnownFileType = text.xcconfig; name = "Pods-WildBasinPlantDichotomy.release.xcconfig"; path = "Pods/Target Support Files/Pods-WildBasinPlantDichotomy/Pods-WildBasinPlantDichotomy.release.xcconfig"; sourceTree = "<group>"; };
		7A28063A052C44DA7B14DA0F /* Pods-WildBasinPlantDichotomyTests.debug.xcconfig */ = {isa = PBXFileReference; includeInIndex = 1; lastKnownFileType = text.xcconfig; name = "Pods-WildBasinPlantDichotomyTests.debug.xcconfig"; path = "Pods/Target Support Files/Pods-WildBasinPlantDichotomyTests/Pods-WildBasinPlantDichotomyTests.debug.xcconfig"; sourceTree = "<group>"; };
		A27EAD071D4A95344A840735 /* Pods-WildBasinPlantDichotomyTests.release.xcconfig */ = {isa = PBXFileReference; includeInIndex = 1; lastKnownFileType = text.xcconfig; name = "Pods-WildBasinPlantDichotomyTests.release.xcconfig"; path = "Pods/Target Support Files/Pods-WildBasinPlantDichotomyTests/Pods-WildBasinPlantDichotomyTests.release.xcconfig"; sourceTree = "<group>"; };
		AF8783D0A818875672199B5E /* Pods-WildBasinPlantDichotomyUITests.release.xcconfig */ = {isa = PBXFileReference; includeInIndex = 1; lastKnownFileType = text.xcconfig; name = "Pods-WildBasinPlantDichotomyUITests.release.xcconfig"; path = "Pods/Target Support Files/Pods-WildBasinPlantDichotomyUITests/Pods-WildBasinPlantDichotomyUITests.release.xcconfig"; sourceTree = "<group>"; };
		B3D9D859A3CFD9AD993A4E4F /* Pods_WildBasinPlantDichotomy.framework */ = {isa = PBXFileReference; explicitFileType = wrapper.framework; includeInIndex = 0; path = Pods_WildBasinPlantDichotomy.framework; sourceTree = BUILT_PRODUCTS_DIR; };
		BB3F5F9BCF20D81094D3965A /* Pods-WildBasinPlantDichotomyUITests.debug.xcconfig */ = {isa = PBXFileReference; includeInIndex = 1; lastKnownFileType = text.xcconfig; name = "Pods-WildBasinPlantDichotomyUITests.debug.xcconfig"; path = "Pods/Target Support Files/Pods-WildBasinPlantDichotomyUITests/Pods-WildBasinPlantDichotomyUITests.debug.xcconfig"; sourceTree = "<group>"; };
		CB86DAF9F0F4D6D283ADEA22 /* Pods-WildBasinPlantDichotomy.debug.xcconfig */ = {isa = PBXFileReference; includeInIndex = 1; lastKnownFileType = text.xcconfig; name = "Pods-WildBasinPlantDichotomy.debug.xcconfig"; path = "Pods/Target Support Files/Pods-WildBasinPlantDichotomy/Pods-WildBasinPlantDichotomy.debug.xcconfig"; sourceTree = "<group>"; };
/* End PBXFileReference section */

/* Begin PBXFrameworksBuildPhase section */
		331A18641ECE1B3F001F485A /* Frameworks */ = {
			isa = PBXFrameworksBuildPhase;
			buildActionMask = 2147483647;
			files = (
				5A6964497A2C29F9FCD2D81B /* Pods_WildBasinPlantDichotomy.framework in Frameworks */,
			);
			runOnlyForDeploymentPostprocessing = 0;
		};
		331A187B1ECE1B3F001F485A /* Frameworks */ = {
			isa = PBXFrameworksBuildPhase;
			buildActionMask = 2147483647;
			files = (
				8353449A8D16C3BBBD48B95E /* Pods_WildBasinPlantDichotomyTests.framework in Frameworks */,
			);
			runOnlyForDeploymentPostprocessing = 0;
		};
		331A18861ECE1B3F001F485A /* Frameworks */ = {
			isa = PBXFrameworksBuildPhase;
			buildActionMask = 2147483647;
			files = (
				28B28EC81D77AC92EC57670B /* Pods_WildBasinPlantDichotomyUITests.framework in Frameworks */,
			);
			runOnlyForDeploymentPostprocessing = 0;
		};
/* End PBXFrameworksBuildPhase section */

/* Begin PBXGroup section */
		331A185E1ECE1B3F001F485A = {
			isa = PBXGroup;
			children = (
				331A18691ECE1B3F001F485A /* WildBasinPlantDichotomy */,
				331A18811ECE1B3F001F485A /* WildBasinPlantDichotomyTests */,
				331A188C1ECE1B3F001F485A /* WildBasinPlantDichotomyUITests */,
				331A18681ECE1B3F001F485A /* Products */,
				E685D60883273D9B5C6D1456 /* Pods */,
				BEDB4F3F15067BFD1C4C9FAD /* Frameworks */,
			);
			sourceTree = "<group>";
		};
		331A18681ECE1B3F001F485A /* Products */ = {
			isa = PBXGroup;
			children = (
				331A18671ECE1B3F001F485A /* WildBasinPlantDichotomy.app */,
				331A187E1ECE1B3F001F485A /* WildBasinPlantDichotomyTests.xctest */,
				331A18891ECE1B3F001F485A /* WildBasinPlantDichotomyUITests.xctest */,
			);
			name = Products;
			sourceTree = "<group>";
		};
		331A18691ECE1B3F001F485A /* WildBasinPlantDichotomy */ = {
			isa = PBXGroup;
			children = (
				500D5C991EFDF99600BCF939 /* Compound */,
				331A186C1ECE1B3F001F485A /* ViewController.swift */,
				336B2EA21ED6138F003D81C5 /* PlantIDViewController.swift */,
				5015A2761EE9DE1B00D7558D /* WebViewController.swift */,
				331A186A1ECE1B3F001F485A /* AppDelegate.swift */,
				331A186E1ECE1B3F001F485A /* Main.storyboard */,
				33F1C3B21EF49F7E007F3591 /* VinePlantsWebViewController.swift */,
				33E11AB61EF45EE0002EBD72 /* Simple */,
				33E11ABF1EF45FBF002EBD72 /* View All Plants */,
				33E11AC01EF45FD5002EBD72 /* Plants */,
				331A18741ECE1B3F001F485A /* Assets.xcassets */,
				331A18761ECE1B3F001F485A /* LaunchScreen.storyboard */,
				331A18791ECE1B3F001F485A /* Info.plist */,
				331A18711ECE1B3F001F485A /* WildBasinPlantDichotomy.xcdatamodeld */,
			);
			path = WildBasinPlantDichotomy;
			sourceTree = "<group>";
		};
		331A18811ECE1B3F001F485A /* WildBasinPlantDichotomyTests */ = {
			isa = PBXGroup;
			children = (
				331A18821ECE1B3F001F485A /* WildBasinPlantDichotomyTests.swift */,
				331A18841ECE1B3F001F485A /* Info.plist */,
			);
			path = WildBasinPlantDichotomyTests;
			sourceTree = "<group>";
		};
		331A188C1ECE1B3F001F485A /* WildBasinPlantDichotomyUITests */ = {
			isa = PBXGroup;
			children = (
				331A188D1ECE1B3F001F485A /* WildBasinPlantDichotomyUITests.swift */,
				331A188F1ECE1B3F001F485A /* Info.plist */,
			);
			path = WildBasinPlantDichotomyUITests;
			sourceTree = "<group>";
		};
		33E11AB61EF45EE0002EBD72 /* Simple */ = {
			isa = PBXGroup;
			children = (
				33E11AB71EF45F48002EBD72 /* SimpleAOViewController.swift */,
				33E11AB91EF45F60002EBD72 /* AlternateVNVViewController.swift */,
				33E11ABB1EF45F7E002EBD72 /* NotAVineSSCTLViewController.swift */,
				33E11ABD1EF45F91002EBD72 /* ToothedSM2L2ViewController.swift */,
				33E11AC11EF4625A002EBD72 /* NotAVineSMTViewController.swift */,
				33E11AC31EF462FC002EBD72 /* OppositeVNVViewController.swift */,
				33F1C3AE1EF49993007F3591 /* VinePlantViewController.swift */,
				33F1C3B01EF49C40007F3591 /* VinePlantDetailViewController.swift */,
			);
			name = Simple;
			sourceTree = "<group>";
		};
		33E11ABF1EF45FBF002EBD72 /* View All Plants */ = {
			isa = PBXGroup;
			children = (
				33E11AAC1EF44D5D002EBD72 /* DetailViewController.swift */,
				33E11AAE1EF44D64002EBD72 /* AllPlantsViewController.swift */,
				33E11AAF1EF44D64002EBD72 /* AllPlantsWebViewController.swift */,
			);
			name = "View All Plants";
			sourceTree = "<group>";
		};
		33E11AC01EF45FD5002EBD72 /* Plants */ = {
			isa = PBXGroup;
			children = (
				33E11AA81EF44D47002EBD72 /* Plant.swift */,
				33E11AAA1EF44D4E002EBD72 /* PlantCell.swift */,
				505C96691ECE238700FE4A4A /* Node.swift */,
			);
			name = Plants;
			sourceTree = "<group>";
		};
		500D5C991EFDF99600BCF939 /* Compound */ = {
			isa = PBXGroup;
			children = (
				500D5C9C1EFDFA3400BCF939 /* PinnateViewController.swift */,
				500D5C9E1EFDFA5400BCF939 /* GreaterThan10ViewController.swift */,
				500D5C9A1EFDF9FF00BCF939 /* CompoundViewController.swift */,
			);
			name = Compound;
			path = ..;
			sourceTree = "<group>";
		};
		BEDB4F3F15067BFD1C4C9FAD /* Frameworks */ = {
			isa = PBXGroup;
			children = (
				B3D9D859A3CFD9AD993A4E4F /* Pods_WildBasinPlantDichotomy.framework */,
				1AA9178818D246E49DFBFD5E /* Pods_WildBasinPlantDichotomyTests.framework */,
				5228DB604B2ECFBBD66C0DBE /* Pods_WildBasinPlantDichotomyUITests.framework */,
			);
			name = Frameworks;
			sourceTree = "<group>";
		};
		E685D60883273D9B5C6D1456 /* Pods */ = {
			isa = PBXGroup;
			children = (
				CB86DAF9F0F4D6D283ADEA22 /* Pods-WildBasinPlantDichotomy.debug.xcconfig */,
				5C3C80F77833E77D0D2ECD4B /* Pods-WildBasinPlantDichotomy.release.xcconfig */,
				7A28063A052C44DA7B14DA0F /* Pods-WildBasinPlantDichotomyTests.debug.xcconfig */,
				A27EAD071D4A95344A840735 /* Pods-WildBasinPlantDichotomyTests.release.xcconfig */,
				BB3F5F9BCF20D81094D3965A /* Pods-WildBasinPlantDichotomyUITests.debug.xcconfig */,
				AF8783D0A818875672199B5E /* Pods-WildBasinPlantDichotomyUITests.release.xcconfig */,
			);
			name = Pods;
			sourceTree = "<group>";
		};
/* End PBXGroup section */

/* Begin PBXNativeTarget section */
		331A18661ECE1B3F001F485A /* WildBasinPlantDichotomy */ = {
			isa = PBXNativeTarget;
			buildConfigurationList = 331A18921ECE1B3F001F485A /* Build configuration list for PBXNativeTarget "WildBasinPlantDichotomy" */;
			buildPhases = (
				01B07587E811663C78722FAC /* [CP] Check Pods Manifest.lock */,
				331A18631ECE1B3F001F485A /* Sources */,
				331A18641ECE1B3F001F485A /* Frameworks */,
				331A18651ECE1B3F001F485A /* Resources */,
				E4C4A4C20FE9B1F75211C2E3 /* [CP] Embed Pods Frameworks */,
				77EE3642C53EB81C40536DC5 /* [CP] Copy Pods Resources */,
			);
			buildRules = (
			);
			dependencies = (
			);
			name = WildBasinPlantDichotomy;
			productName = WildBasinPlantDichotomy;
			productReference = 331A18671ECE1B3F001F485A /* WildBasinPlantDichotomy.app */;
			productType = "com.apple.product-type.application";
		};
		331A187D1ECE1B3F001F485A /* WildBasinPlantDichotomyTests */ = {
			isa = PBXNativeTarget;
			buildConfigurationList = 331A18951ECE1B3F001F485A /* Build configuration list for PBXNativeTarget "WildBasinPlantDichotomyTests" */;
			buildPhases = (
				19D0DA17A2E8B06A80C83115 /* [CP] Check Pods Manifest.lock */,
				331A187A1ECE1B3F001F485A /* Sources */,
				331A187B1ECE1B3F001F485A /* Frameworks */,
				331A187C1ECE1B3F001F485A /* Resources */,
				1DBD8CD7F50CD22FF3786E53 /* [CP] Embed Pods Frameworks */,
				E6B0916A293E9E99A93D65EF /* [CP] Copy Pods Resources */,
			);
			buildRules = (
			);
			dependencies = (
				331A18801ECE1B3F001F485A /* PBXTargetDependency */,
			);
			name = WildBasinPlantDichotomyTests;
			productName = WildBasinPlantDichotomyTests;
			productReference = 331A187E1ECE1B3F001F485A /* WildBasinPlantDichotomyTests.xctest */;
			productType = "com.apple.product-type.bundle.unit-test";
		};
		331A18881ECE1B3F001F485A /* WildBasinPlantDichotomyUITests */ = {
			isa = PBXNativeTarget;
			buildConfigurationList = 331A18981ECE1B3F001F485A /* Build configuration list for PBXNativeTarget "WildBasinPlantDichotomyUITests" */;
			buildPhases = (
				6FF87E0D85245AB8C91186D2 /* [CP] Check Pods Manifest.lock */,
				331A18851ECE1B3F001F485A /* Sources */,
				331A18861ECE1B3F001F485A /* Frameworks */,
				331A18871ECE1B3F001F485A /* Resources */,
				266000FFF8E47AB262B0406B /* [CP] Embed Pods Frameworks */,
				6AE041EFA009C8774CBD6976 /* [CP] Copy Pods Resources */,
			);
			buildRules = (
			);
			dependencies = (
				331A188B1ECE1B3F001F485A /* PBXTargetDependency */,
			);
			name = WildBasinPlantDichotomyUITests;
			productName = WildBasinPlantDichotomyUITests;
			productReference = 331A18891ECE1B3F001F485A /* WildBasinPlantDichotomyUITests.xctest */;
			productType = "com.apple.product-type.bundle.ui-testing";
		};
/* End PBXNativeTarget section */

/* Begin PBXProject section */
		331A185F1ECE1B3F001F485A /* Project object */ = {
			isa = PBXProject;
			attributes = {
				LastSwiftUpdateCheck = 0830;
				LastUpgradeCheck = 0830;
				ORGANIZATIONNAME = "St. Edward's University";
				TargetAttributes = {
					331A18661ECE1B3F001F485A = {
						CreatedOnToolsVersion = 8.3.2;
						DevelopmentTeam = CGLZ5DVH7S;
						ProvisioningStyle = Automatic;
					};
					331A187D1ECE1B3F001F485A = {
						CreatedOnToolsVersion = 8.3.2;
						ProvisioningStyle = Automatic;
						TestTargetID = 331A18661ECE1B3F001F485A;
					};
					331A18881ECE1B3F001F485A = {
						CreatedOnToolsVersion = 8.3.2;
						ProvisioningStyle = Automatic;
						TestTargetID = 331A18661ECE1B3F001F485A;
					};
				};
			};
			buildConfigurationList = 331A18621ECE1B3F001F485A /* Build configuration list for PBXProject "WildBasinPlantDichotomy" */;
			compatibilityVersion = "Xcode 3.2";
			developmentRegion = English;
			hasScannedForEncodings = 0;
			knownRegions = (
				en,
				Base,
			);
			mainGroup = 331A185E1ECE1B3F001F485A;
			productRefGroup = 331A18681ECE1B3F001F485A /* Products */;
			projectDirPath = "";
			projectRoot = "";
			targets = (
				331A18661ECE1B3F001F485A /* WildBasinPlantDichotomy */,
				331A187D1ECE1B3F001F485A /* WildBasinPlantDichotomyTests */,
				331A18881ECE1B3F001F485A /* WildBasinPlantDichotomyUITests */,
			);
		};
/* End PBXProject section */

/* Begin PBXResourcesBuildPhase section */
		331A18651ECE1B3F001F485A /* Resources */ = {
			isa = PBXResourcesBuildPhase;
			buildActionMask = 2147483647;
			files = (
				331A18781ECE1B3F001F485A /* LaunchScreen.storyboard in Resources */,
				331A18751ECE1B3F001F485A /* Assets.xcassets in Resources */,
				331A18701ECE1B3F001F485A /* Main.storyboard in Resources */,
			);
			runOnlyForDeploymentPostprocessing = 0;
		};
		331A187C1ECE1B3F001F485A /* Resources */ = {
			isa = PBXResourcesBuildPhase;
			buildActionMask = 2147483647;
			files = (
			);
			runOnlyForDeploymentPostprocessing = 0;
		};
		331A18871ECE1B3F001F485A /* Resources */ = {
			isa = PBXResourcesBuildPhase;
			buildActionMask = 2147483647;
			files = (
			);
			runOnlyForDeploymentPostprocessing = 0;
		};
/* End PBXResourcesBuildPhase section */

/* Begin PBXShellScriptBuildPhase section */
		01B07587E811663C78722FAC /* [CP] Check Pods Manifest.lock */ = {
			isa = PBXShellScriptBuildPhase;
			buildActionMask = 2147483647;
			files = (
			);
			inputPaths = (
			);
			name = "[CP] Check Pods Manifest.lock";
			outputPaths = (
			);
			runOnlyForDeploymentPostprocessing = 0;
			shellPath = /bin/sh;
			shellScript = "diff \"${PODS_ROOT}/../Podfile.lock\" \"${PODS_ROOT}/Manifest.lock\" > /dev/null\nif [ $? != 0 ] ; then\n    # print error to STDERR\n    echo \"error: The sandbox is not in sync with the Podfile.lock. Run 'pod install' or update your CocoaPods installation.\" >&2\n    exit 1\nfi\n";
			showEnvVarsInLog = 0;
		};
		19D0DA17A2E8B06A80C83115 /* [CP] Check Pods Manifest.lock */ = {
			isa = PBXShellScriptBuildPhase;
			buildActionMask = 2147483647;
			files = (
			);
			inputPaths = (
			);
			name = "[CP] Check Pods Manifest.lock";
			outputPaths = (
			);
			runOnlyForDeploymentPostprocessing = 0;
			shellPath = /bin/sh;
			shellScript = "diff \"${PODS_ROOT}/../Podfile.lock\" \"${PODS_ROOT}/Manifest.lock\" > /dev/null\nif [ $? != 0 ] ; then\n    # print error to STDERR\n    echo \"error: The sandbox is not in sync with the Podfile.lock. Run 'pod install' or update your CocoaPods installation.\" >&2\n    exit 1\nfi\n";
			showEnvVarsInLog = 0;
		};
		1DBD8CD7F50CD22FF3786E53 /* [CP] Embed Pods Frameworks */ = {
			isa = PBXShellScriptBuildPhase;
			buildActionMask = 2147483647;
			files = (
			);
			inputPaths = (
			);
			name = "[CP] Embed Pods Frameworks";
			outputPaths = (
			);
			runOnlyForDeploymentPostprocessing = 0;
			shellPath = /bin/sh;
			shellScript = "\"${SRCROOT}/Pods/Target Support Files/Pods-WildBasinPlantDichotomyTests/Pods-WildBasinPlantDichotomyTests-frameworks.sh\"\n";
			showEnvVarsInLog = 0;
		};
		266000FFF8E47AB262B0406B /* [CP] Embed Pods Frameworks */ = {
			isa = PBXShellScriptBuildPhase;
			buildActionMask = 2147483647;
			files = (
			);
			inputPaths = (
			);
			name = "[CP] Embed Pods Frameworks";
			outputPaths = (
			);
			runOnlyForDeploymentPostprocessing = 0;
			shellPath = /bin/sh;
			shellScript = "\"${SRCROOT}/Pods/Target Support Files/Pods-WildBasinPlantDichotomyUITests/Pods-WildBasinPlantDichotomyUITests-frameworks.sh\"\n";
			showEnvVarsInLog = 0;
		};
		6AE041EFA009C8774CBD6976 /* [CP] Copy Pods Resources */ = {
			isa = PBXShellScriptBuildPhase;
			buildActionMask = 2147483647;
			files = (
			);
			inputPaths = (
			);
			name = "[CP] Copy Pods Resources";
			outputPaths = (
			);
			runOnlyForDeploymentPostprocessing = 0;
			shellPath = /bin/sh;
			shellScript = "\"${SRCROOT}/Pods/Target Support Files/Pods-WildBasinPlantDichotomyUITests/Pods-WildBasinPlantDichotomyUITests-resources.sh\"\n";
			showEnvVarsInLog = 0;
		};
		6FF87E0D85245AB8C91186D2 /* [CP] Check Pods Manifest.lock */ = {
			isa = PBXShellScriptBuildPhase;
			buildActionMask = 2147483647;
			files = (
			);
			inputPaths = (
			);
			name = "[CP] Check Pods Manifest.lock";
			outputPaths = (
			);
			runOnlyForDeploymentPostprocessing = 0;
			shellPath = /bin/sh;
			shellScript = "diff \"${PODS_ROOT}/../Podfile.lock\" \"${PODS_ROOT}/Manifest.lock\" > /dev/null\nif [ $? != 0 ] ; then\n    # print error to STDERR\n    echo \"error: The sandbox is not in sync with the Podfile.lock. Run 'pod install' or update your CocoaPods installation.\" >&2\n    exit 1\nfi\n";
			showEnvVarsInLog = 0;
		};
		77EE3642C53EB81C40536DC5 /* [CP] Copy Pods Resources */ = {
			isa = PBXShellScriptBuildPhase;
			buildActionMask = 2147483647;
			files = (
			);
			inputPaths = (
			);
			name = "[CP] Copy Pods Resources";
			outputPaths = (
			);
			runOnlyForDeploymentPostprocessing = 0;
			shellPath = /bin/sh;
			shellScript = "\"${SRCROOT}/Pods/Target Support Files/Pods-WildBasinPlantDichotomy/Pods-WildBasinPlantDichotomy-resources.sh\"\n";
			showEnvVarsInLog = 0;
		};
		E4C4A4C20FE9B1F75211C2E3 /* [CP] Embed Pods Frameworks */ = {
			isa = PBXShellScriptBuildPhase;
			buildActionMask = 2147483647;
			files = (
			);
			inputPaths = (
			);
			name = "[CP] Embed Pods Frameworks";
			outputPaths = (
			);
			runOnlyForDeploymentPostprocessing = 0;
			shellPath = /bin/sh;
			shellScript = "\"${SRCROOT}/Pods/Target Support Files/Pods-WildBasinPlantDichotomy/Pods-WildBasinPlantDichotomy-frameworks.sh\"\n";
			showEnvVarsInLog = 0;
		};
		E6B0916A293E9E99A93D65EF /* [CP] Copy Pods Resources */ = {
			isa = PBXShellScriptBuildPhase;
			buildActionMask = 2147483647;
			files = (
			);
			inputPaths = (
			);
			name = "[CP] Copy Pods Resources";
			outputPaths = (
			);
			runOnlyForDeploymentPostprocessing = 0;
			shellPath = /bin/sh;
			shellScript = "\"${SRCROOT}/Pods/Target Support Files/Pods-WildBasinPlantDichotomyTests/Pods-WildBasinPlantDichotomyTests-resources.sh\"\n";
			showEnvVarsInLog = 0;
		};
/* End PBXShellScriptBuildPhase section */

/* Begin PBXSourcesBuildPhase section */
		331A18631ECE1B3F001F485A /* Sources */ = {
			isa = PBXSourcesBuildPhase;
			buildActionMask = 2147483647;
			files = (
				33F1C3B11EF49C40007F3591 /* VinePlantDetailViewController.swift in Sources */,
				33E11AB81EF45F48002EBD72 /* SimpleAOViewController.swift in Sources */,
				33E11AC21EF4625A002EBD72 /* NotAVineSMTViewController.swift in Sources */,
				33E11AAD1EF44D5D002EBD72 /* DetailViewController.swift in Sources */,
				33E11ABE1EF45F91002EBD72 /* ToothedSM2L2ViewController.swift in Sources */,
				331A186D1ECE1B3F001F485A /* ViewController.swift in Sources */,
				500D5C9B1EFDF9FF00BCF939 /* CompoundViewController.swift in Sources */,
				33E11AB01EF44D64002EBD72 /* AllPlantsViewController.swift in Sources */,
				331A18731ECE1B3F001F485A /* WildBasinPlantDichotomy.xcdatamodeld in Sources */,
				33E11ABA1EF45F60002EBD72 /* AlternateVNVViewController.swift in Sources */,
				33E11ABC1EF45F7E002EBD72 /* NotAVineSSCTLViewController.swift in Sources */,
				331A186B1ECE1B3F001F485A /* AppDelegate.swift in Sources */,
				33F1C3B31EF49F7E007F3591 /* VinePlantsWebViewController.swift in Sources */,
				33E11AC41EF462FC002EBD72 /* OppositeVNVViewController.swift in Sources */,
				500D5C9D1EFDFA3400BCF939 /* PinnateViewController.swift in Sources */,
				33E11AA91EF44D47002EBD72 /* Plant.swift in Sources */,
				5015A2771EE9DE1B00D7558D /* WebViewController.swift in Sources */,
				500D5C9F1EFDFA5400BCF939 /* GreaterThan10ViewController.swift in Sources */,
				33E11AAB1EF44D4E002EBD72 /* PlantCell.swift in Sources */,
				33F1C3AF1EF49993007F3591 /* VinePlantViewController.swift in Sources */,
				505C966A1ECE238700FE4A4A /* Node.swift in Sources */,
				336B2EA31ED6138F003D81C5 /* PlantIDViewController.swift in Sources */,
				33E11AB11EF44D64002EBD72 /* AllPlantsWebViewController.swift in Sources */,
			);
			runOnlyForDeploymentPostprocessing = 0;
		};
		331A187A1ECE1B3F001F485A /* Sources */ = {
			isa = PBXSourcesBuildPhase;
			buildActionMask = 2147483647;
			files = (
				331A18831ECE1B3F001F485A /* WildBasinPlantDichotomyTests.swift in Sources */,
			);
			runOnlyForDeploymentPostprocessing = 0;
		};
		331A18851ECE1B3F001F485A /* Sources */ = {
			isa = PBXSourcesBuildPhase;
			buildActionMask = 2147483647;
			files = (
				331A188E1ECE1B3F001F485A /* WildBasinPlantDichotomyUITests.swift in Sources */,
			);
			runOnlyForDeploymentPostprocessing = 0;
		};
/* End PBXSourcesBuildPhase section */

/* Begin PBXTargetDependency section */
		331A18801ECE1B3F001F485A /* PBXTargetDependency */ = {
			isa = PBXTargetDependency;
			target = 331A18661ECE1B3F001F485A /* WildBasinPlantDichotomy */;
			targetProxy = 331A187F1ECE1B3F001F485A /* PBXContainerItemProxy */;
		};
		331A188B1ECE1B3F001F485A /* PBXTargetDependency */ = {
			isa = PBXTargetDependency;
			target = 331A18661ECE1B3F001F485A /* WildBasinPlantDichotomy */;
			targetProxy = 331A188A1ECE1B3F001F485A /* PBXContainerItemProxy */;
		};
/* End PBXTargetDependency section */

/* Begin PBXVariantGroup section */
		331A186E1ECE1B3F001F485A /* Main.storyboard */ = {
			isa = PBXVariantGroup;
			children = (
				331A186F1ECE1B3F001F485A /* Base */,
			);
			name = Main.storyboard;
			sourceTree = "<group>";
		};
		331A18761ECE1B3F001F485A /* LaunchScreen.storyboard */ = {
			isa = PBXVariantGroup;
			children = (
				331A18771ECE1B3F001F485A /* Base */,
			);
			name = LaunchScreen.storyboard;
			sourceTree = "<group>";
		};
/* End PBXVariantGroup section */

/* Begin XCBuildConfiguration section */
		331A18901ECE1B3F001F485A /* Debug */ = {
			isa = XCBuildConfiguration;
			buildSettings = {
				ALWAYS_SEARCH_USER_PATHS = NO;
				CLANG_ANALYZER_NONNULL = YES;
				CLANG_ANALYZER_NUMBER_OBJECT_CONVERSION = YES_AGGRESSIVE;
				CLANG_CXX_LANGUAGE_STANDARD = "gnu++0x";
				CLANG_CXX_LIBRARY = "libc++";
				CLANG_ENABLE_MODULES = YES;
				CLANG_ENABLE_OBJC_ARC = YES;
				CLANG_WARN_BOOL_CONVERSION = YES;
				CLANG_WARN_CONSTANT_CONVERSION = YES;
				CLANG_WARN_DIRECT_OBJC_ISA_USAGE = YES_ERROR;
				CLANG_WARN_DOCUMENTATION_COMMENTS = YES;
				CLANG_WARN_EMPTY_BODY = YES;
				CLANG_WARN_ENUM_CONVERSION = YES;
				CLANG_WARN_INFINITE_RECURSION = YES;
				CLANG_WARN_INT_CONVERSION = YES;
				CLANG_WARN_OBJC_ROOT_CLASS = YES_ERROR;
				CLANG_WARN_SUSPICIOUS_MOVE = YES;
				CLANG_WARN_UNREACHABLE_CODE = YES;
				CLANG_WARN__DUPLICATE_METHOD_MATCH = YES;
				"CODE_SIGN_IDENTITY[sdk=iphoneos*]" = "iPhone Developer";
				COPY_PHASE_STRIP = NO;
				DEBUG_INFORMATION_FORMAT = dwarf;
				ENABLE_STRICT_OBJC_MSGSEND = YES;
				ENABLE_TESTABILITY = YES;
				GCC_C_LANGUAGE_STANDARD = gnu99;
				GCC_DYNAMIC_NO_PIC = NO;
				GCC_NO_COMMON_BLOCKS = YES;
				GCC_OPTIMIZATION_LEVEL = 0;
				GCC_PREPROCESSOR_DEFINITIONS = (
					"DEBUG=1",
					"$(inherited)",
				);
				GCC_WARN_64_TO_32_BIT_CONVERSION = YES;
				GCC_WARN_ABOUT_RETURN_TYPE = YES_ERROR;
				GCC_WARN_UNDECLARED_SELECTOR = YES;
				GCC_WARN_UNINITIALIZED_AUTOS = YES_AGGRESSIVE;
				GCC_WARN_UNUSED_FUNCTION = YES;
				GCC_WARN_UNUSED_VARIABLE = YES;
				IPHONEOS_DEPLOYMENT_TARGET = 10.3;
				MTL_ENABLE_DEBUG_INFO = YES;
				ONLY_ACTIVE_ARCH = YES;
				SDKROOT = iphoneos;
				SWIFT_ACTIVE_COMPILATION_CONDITIONS = DEBUG;
				SWIFT_OPTIMIZATION_LEVEL = "-Onone";
				TARGETED_DEVICE_FAMILY = "1,2";
			};
			name = Debug;
		};
		331A18911ECE1B3F001F485A /* Release */ = {
			isa = XCBuildConfiguration;
			buildSettings = {
				ALWAYS_SEARCH_USER_PATHS = NO;
				CLANG_ANALYZER_NONNULL = YES;
				CLANG_ANALYZER_NUMBER_OBJECT_CONVERSION = YES_AGGRESSIVE;
				CLANG_CXX_LANGUAGE_STANDARD = "gnu++0x";
				CLANG_CXX_LIBRARY = "libc++";
				CLANG_ENABLE_MODULES = YES;
				CLANG_ENABLE_OBJC_ARC = YES;
				CLANG_WARN_BOOL_CONVERSION = YES;
				CLANG_WARN_CONSTANT_CONVERSION = YES;
				CLANG_WARN_DIRECT_OBJC_ISA_USAGE = YES_ERROR;
				CLANG_WARN_DOCUMENTATION_COMMENTS = YES;
				CLANG_WARN_EMPTY_BODY = YES;
				CLANG_WARN_ENUM_CONVERSION = YES;
				CLANG_WARN_INFINITE_RECURSION = YES;
				CLANG_WARN_INT_CONVERSION = YES;
				CLANG_WARN_OBJC_ROOT_CLASS = YES_ERROR;
				CLANG_WARN_SUSPICIOUS_MOVE = YES;
				CLANG_WARN_UNREACHABLE_CODE = YES;
				CLANG_WARN__DUPLICATE_METHOD_MATCH = YES;
				"CODE_SIGN_IDENTITY[sdk=iphoneos*]" = "iPhone Developer";
				COPY_PHASE_STRIP = NO;
				DEBUG_INFORMATION_FORMAT = "dwarf-with-dsym";
				ENABLE_NS_ASSERTIONS = NO;
				ENABLE_STRICT_OBJC_MSGSEND = YES;
				GCC_C_LANGUAGE_STANDARD = gnu99;
				GCC_NO_COMMON_BLOCKS = YES;
				GCC_WARN_64_TO_32_BIT_CONVERSION = YES;
				GCC_WARN_ABOUT_RETURN_TYPE = YES_ERROR;
				GCC_WARN_UNDECLARED_SELECTOR = YES;
				GCC_WARN_UNINITIALIZED_AUTOS = YES_AGGRESSIVE;
				GCC_WARN_UNUSED_FUNCTION = YES;
				GCC_WARN_UNUSED_VARIABLE = YES;
				IPHONEOS_DEPLOYMENT_TARGET = 10.3;
				MTL_ENABLE_DEBUG_INFO = NO;
				SDKROOT = iphoneos;
				SWIFT_OPTIMIZATION_LEVEL = "-Onone";
				TARGETED_DEVICE_FAMILY = "1,2";
				VALIDATE_PRODUCT = YES;
			};
			name = Release;
		};
		331A18931ECE1B3F001F485A /* Debug */ = {
			isa = XCBuildConfiguration;
			baseConfigurationReference = CB86DAF9F0F4D6D283ADEA22 /* Pods-WildBasinPlantDichotomy.debug.xcconfig */;
			buildSettings = {
				ASSETCATALOG_COMPILER_APPICON_NAME = AppIcon;
				DEVELOPMENT_TEAM = CGLZ5DVH7S;
				INFOPLIST_FILE = WildBasinPlantDichotomy/Info.plist;
				LD_RUNPATH_SEARCH_PATHS = "$(inherited) @executable_path/Frameworks";
				PRODUCT_BUNDLE_IDENTIFIER = "St.-Edward-s-University.WildBasinPlantDichotomy";
				PRODUCT_NAME = "$(TARGET_NAME)";
				SWIFT_VERSION = 3.0;
				TARGETED_DEVICE_FAMILY = 1;
			};
			name = Debug;
		};
		331A18941ECE1B3F001F485A /* Release */ = {
			isa = XCBuildConfiguration;
			baseConfigurationReference = 5C3C80F77833E77D0D2ECD4B /* Pods-WildBasinPlantDichotomy.release.xcconfig */;
			buildSettings = {
				ASSETCATALOG_COMPILER_APPICON_NAME = AppIcon;
				DEVELOPMENT_TEAM = CGLZ5DVH7S;
				INFOPLIST_FILE = WildBasinPlantDichotomy/Info.plist;
				LD_RUNPATH_SEARCH_PATHS = "$(inherited) @executable_path/Frameworks";
				PRODUCT_BUNDLE_IDENTIFIER = "St.-Edward-s-University.WildBasinPlantDichotomy";
				PRODUCT_NAME = "$(TARGET_NAME)";
				SWIFT_VERSION = 3.0;
				TARGETED_DEVICE_FAMILY = 1;
			};
			name = Release;
		};
		331A18961ECE1B3F001F485A /* Debug */ = {
			isa = XCBuildConfiguration;
			baseConfigurationReference = 7A28063A052C44DA7B14DA0F /* Pods-WildBasinPlantDichotomyTests.debug.xcconfig */;
			buildSettings = {
				ALWAYS_EMBED_SWIFT_STANDARD_LIBRARIES = YES;
				BUNDLE_LOADER = "$(TEST_HOST)";
				INFOPLIST_FILE = WildBasinPlantDichotomyTests/Info.plist;
				LD_RUNPATH_SEARCH_PATHS = "$(inherited) @executable_path/Frameworks @loader_path/Frameworks";
				PRODUCT_BUNDLE_IDENTIFIER = "St.-Edward-s-University.WildBasinPlantDichotomyTests";
				PRODUCT_NAME = "$(TARGET_NAME)";
				SWIFT_VERSION = 3.0;
				TEST_HOST = "$(BUILT_PRODUCTS_DIR)/WildBasinPlantDichotomy.app/WildBasinPlantDichotomy";
			};
			name = Debug;
		};
		331A18971ECE1B3F001F485A /* Release */ = {
			isa = XCBuildConfiguration;
			baseConfigurationReference = A27EAD071D4A95344A840735 /* Pods-WildBasinPlantDichotomyTests.release.xcconfig */;
			buildSettings = {
				ALWAYS_EMBED_SWIFT_STANDARD_LIBRARIES = YES;
				BUNDLE_LOADER = "$(TEST_HOST)";
				INFOPLIST_FILE = WildBasinPlantDichotomyTests/Info.plist;
				LD_RUNPATH_SEARCH_PATHS = "$(inherited) @executable_path/Frameworks @loader_path/Frameworks";
				PRODUCT_BUNDLE_IDENTIFIER = "St.-Edward-s-University.WildBasinPlantDichotomyTests";
				PRODUCT_NAME = "$(TARGET_NAME)";
				SWIFT_VERSION = 3.0;
				TEST_HOST = "$(BUILT_PRODUCTS_DIR)/WildBasinPlantDichotomy.app/WildBasinPlantDichotomy";
			};
			name = Release;
		};
		331A18991ECE1B3F001F485A /* Debug */ = {
			isa = XCBuildConfiguration;
			baseConfigurationReference = BB3F5F9BCF20D81094D3965A /* Pods-WildBasinPlantDichotomyUITests.debug.xcconfig */;
			buildSettings = {
				ALWAYS_EMBED_SWIFT_STANDARD_LIBRARIES = YES;
				INFOPLIST_FILE = WildBasinPlantDichotomyUITests/Info.plist;
				LD_RUNPATH_SEARCH_PATHS = "$(inherited) @executable_path/Frameworks @loader_path/Frameworks";
				PRODUCT_BUNDLE_IDENTIFIER = "St.-Edward-s-University.WildBasinPlantDichotomyUITests";
				PRODUCT_NAME = "$(TARGET_NAME)";
				SWIFT_VERSION = 3.0;
				TEST_TARGET_NAME = WildBasinPlantDichotomy;
			};
			name = Debug;
		};
		331A189A1ECE1B3F001F485A /* Release */ = {
			isa = XCBuildConfiguration;
			baseConfigurationReference = AF8783D0A818875672199B5E /* Pods-WildBasinPlantDichotomyUITests.release.xcconfig */;
			buildSettings = {
				ALWAYS_EMBED_SWIFT_STANDARD_LIBRARIES = YES;
				INFOPLIST_FILE = WildBasinPlantDichotomyUITests/Info.plist;
				LD_RUNPATH_SEARCH_PATHS = "$(inherited) @executable_path/Frameworks @loader_path/Frameworks";
				PRODUCT_BUNDLE_IDENTIFIER = "St.-Edward-s-University.WildBasinPlantDichotomyUITests";
				PRODUCT_NAME = "$(TARGET_NAME)";
				SWIFT_VERSION = 3.0;
				TEST_TARGET_NAME = WildBasinPlantDichotomy;
			};
			name = Release;
		};
/* End XCBuildConfiguration section */

/* Begin XCConfigurationList section */
		331A18621ECE1B3F001F485A /* Build configuration list for PBXProject "WildBasinPlantDichotomy" */ = {
			isa = XCConfigurationList;
			buildConfigurations = (
				331A18901ECE1B3F001F485A /* Debug */,
				331A18911ECE1B3F001F485A /* Release */,
			);
			defaultConfigurationIsVisible = 0;
			defaultConfigurationName = Release;
		};
		331A18921ECE1B3F001F485A /* Build configuration list for PBXNativeTarget "WildBasinPlantDichotomy" */ = {
			isa = XCConfigurationList;
			buildConfigurations = (
				331A18931ECE1B3F001F485A /* Debug */,
				331A18941ECE1B3F001F485A /* Release */,
			);
			defaultConfigurationIsVisible = 0;
			defaultConfigurationName = Release;
		};
		331A18951ECE1B3F001F485A /* Build configuration list for PBXNativeTarget "WildBasinPlantDichotomyTests" */ = {
			isa = XCConfigurationList;
			buildConfigurations = (
				331A18961ECE1B3F001F485A /* Debug */,
				331A18971ECE1B3F001F485A /* Release */,
			);
			defaultConfigurationIsVisible = 0;
			defaultConfigurationName = Release;
		};
		331A18981ECE1B3F001F485A /* Build configuration list for PBXNativeTarget "WildBasinPlantDichotomyUITests" */ = {
			isa = XCConfigurationList;
			buildConfigurations = (
				331A18991ECE1B3F001F485A /* Debug */,
				331A189A1ECE1B3F001F485A /* Release */,
			);
			defaultConfigurationIsVisible = 0;
			defaultConfigurationName = Release;
		};
/* End XCConfigurationList section */

/* Begin XCVersionGroup section */
		331A18711ECE1B3F001F485A /* WildBasinPlantDichotomy.xcdatamodeld */ = {
			isa = XCVersionGroup;
			children = (
				331A18721ECE1B3F001F485A /* WildBasinPlantDichotomy.xcdatamodel */,
			);
			currentVersion = 331A18721ECE1B3F001F485A /* WildBasinPlantDichotomy.xcdatamodel */;
			path = WildBasinPlantDichotomy.xcdatamodeld;
			sourceTree = "<group>";
			versionGroupType = wrapper.xcdatamodel;
		};
/* End XCVersionGroup section */
	};
	rootObject = 331A185F1ECE1B3F001F485A /* Project object */;
}
